<?xml version="1.0" encoding="utf-8"?>
<Project ToolsVersion="4.0" xmlns="http://schemas.microsoft.com/developer/msbuild/2003">
  <ItemGroup>
    <Filter Include="Source Files">
      <UniqueIdentifier>{4FC737F1-C7A5-4376-A066-2A32D752A2FF}</UniqueIdentifier>
      <Extensions>cpp;c;cc;cxx;def;odl;idl;hpj;bat;asm;asmx</Extensions>
    </Filter>
    <Filter Include="Header Files">
      <UniqueIdentifier>{93995380-89BD-4b04-88EB-625FBE52EBFB}</UniqueIdentifier>
      <Extensions>h;hh;hpp;hxx;hm;inl;inc;ipp;xsd</Extensions>
    </Filter>
    <Filter Include="Resource Files">
      <UniqueIdentifier>{67DA6AB6-F800-4c08-8B7A-83BB121AAD01}</UniqueIdentifier>
      <Extensions>rc;ico;cur;bmp;dlg;rc2;rct;bin;rgs;gif;jpg;jpeg;jpe;resx;tiff;tif;png;wav;mfcribbon-ms</Extensions>
    </Filter>
    <Filter Include="Source Files\Core">
      <UniqueIdentifier>{d28b0c84-0437-4186-bf25-e02b6db8c8c7}</UniqueIdentifier>
    </Filter>
    <Filter Include="Source Files\External">
      <UniqueIdentifier>{7ab4a644-702d-449c-b876-0ddde6ddd978}</UniqueIdentifier>
    </Filter>
    <Filter Include="Source Files\External\imgui">
      <UniqueIdentifier>{dd291c20-e324-4997-af5c-57db95de9b07}</UniqueIdentifier>
    </Filter>
    <Filter Include="Source Files\External\stb_image">
      <UniqueIdentifier>{39a3588c-744f-46ed-a09f-a1862bff7b78}</UniqueIdentifier>
    </Filter>
    <Filter Include="Source Files\Script">
      <UniqueIdentifier>{d71b4e5f-79de-4508-b781-73e2cdad6054}</UniqueIdentifier>
    </Filter>
    <Filter Include="Source Files\Hook">
      <UniqueIdentifier>{c7003ca1-a076-425c-bef1-243ba682e527}</UniqueIdentifier>
    </Filter>
    <Filter Include="Source Files\Utils">
      <UniqueIdentifier>{e911467a-94d0-455d-94f4-b6e571f7dcfa}</UniqueIdentifier>
    </Filter>
    <Filter Include="GameplayScripts">
      <UniqueIdentifier>{47982de6-d8ed-4369-bb0d-7b129776b104}</UniqueIdentifier>
    </Filter>
  </ItemGroup>
  <ItemGroup>
    <ClCompile Include="Burrough.cpp">
      <Filter>Source Files\Core</Filter>
    </ClCompile>
    <ClCompile Include="external\imgui\imgui.cpp">
      <Filter>Source Files\External\imgui</Filter>
    </ClCompile>
    <ClCompile Include="external\imgui\imgui_demo.cpp">
      <Filter>Source Files\External\imgui</Filter>
    </ClCompile>
    <ClCompile Include="external\imgui\imgui_draw.cpp">
      <Filter>Source Files\External\imgui</Filter>
    </ClCompile>
    <ClCompile Include="external\imgui\imgui_impl_dx11.cpp">
      <Filter>Source Files\External\imgui</Filter>
    </ClCompile>
    <ClCompile Include="external\imgui\imgui_impl_win32.cpp">
      <Filter>Source Files\External\imgui</Filter>
    </ClCompile>
    <ClCompile Include="external\imgui\imgui_tables.cpp">
      <Filter>Source Files\External\imgui</Filter>
    </ClCompile>
    <ClCompile Include="external\imgui\imgui_widgets.cpp">
      <Filter>Source Files\External\imgui</Filter>
    </ClCompile>
    <ClCompile Include="LeagueMemoryReader.cpp">
      <Filter>Source Files\Hook</Filter>
    </ClCompile>
    <ClCompile Include="Input.cpp">
      <Filter>Source Files\Utils</Filter>
    </ClCompile>
    <ClCompile Include="Utils.cpp">
      <Filter>Source Files\Utils</Filter>
    </ClCompile>
    <ClCompile Include="Script.cpp">
      <Filter>Source Files\Script</Filter>
    </ClCompile>
    <ClCompile Include="Texture2D.cpp">
      <Filter>Source Files\Utils</Filter>
    </ClCompile>
    <ClCompile Include="GameData.cpp">
      <Filter>Source Files\Script</Filter>
    </ClCompile>
    <ClCompile Include="GameObject.cpp">
      <Filter>Source Files\Script</Filter>
    </ClCompile>
    <ClCompile Include="GameRenderer.cpp">
      <Filter>Source Files\Script</Filter>
    </ClCompile>
    <ClCompile Include="ItemSlot.cpp">
      <Filter>Source Files\Script</Filter>
    </ClCompile>
    <ClCompile Include="Spell.cpp">
      <Filter>Source Files\Script</Filter>
    </ClCompile>
    <ClCompile Include="SpellInfo.cpp">
      <Filter>Source Files\Script</Filter>
    </ClCompile>
    <ClCompile Include="UnitInfo.cpp">
      <Filter>Source Files\Script</Filter>
    </ClCompile>
    <ClCompile Include="Overlay.cpp">
      <Filter>Source Files\Core</Filter>
    </ClCompile>
    <ClCompile Include="MapObject.cpp">
      <Filter>Source Files\Script</Filter>
    </ClCompile>
    <ClCompile Include="GameAPI.cpp">
      <Filter>Source Files\Core</Filter>
    </ClCompile>
    <ClCompile Include="MenuConfig.cpp">
      <Filter>Source Files\Core</Filter>
    </ClCompile>
    <ClCompile Include="GameplayScripts\Orbwalk.cpp">
      <Filter>GameplayScripts</Filter>
    </ClCompile>
    <ClCompile Include="Buff.cpp">
      <Filter>Source Files\Script</Filter>
    </ClCompile>
    <ClCompile Include="Offsets.cpp">
      <Filter>Source Files\Hook</Filter>
    </ClCompile>
    <ClCompile Include="GameplayScripts\Jinx.cpp">
      <Filter>GameplayScripts</Filter>
    </ClCompile>
    <ClCompile Include="GameplayScripts\Leblanc.cpp">
      <Filter>GameplayScripts</Filter>
    </ClCompile>
  </ItemGroup>
  <ItemGroup>
    <ClInclude Include="external\imgui\imconfig.h">
      <Filter>Source Files\External\imgui</Filter>
    </ClInclude>
    <ClInclude Include="external\imgui\imgui.h">
      <Filter>Source Files\External\imgui</Filter>
    </ClInclude>
    <ClInclude Include="external\imgui\imgui_impl_dx11.h">
      <Filter>Source Files\External\imgui</Filter>
    </ClInclude>
    <ClInclude Include="external\imgui\imgui_impl_win32.h">
      <Filter>Source Files\External\imgui</Filter>
    </ClInclude>
    <ClInclude Include="external\imgui\imgui_internal.h">
      <Filter>Source Files\External\imgui</Filter>
    </ClInclude>
    <ClInclude Include="external\imgui\imstb_rectpack.h">
      <Filter>Source Files\External\imgui</Filter>
    </ClInclude>
    <ClInclude Include="external\imgui\imstb_textedit.h">
      <Filter>Source Files\External\imgui</Filter>
    </ClInclude>
    <ClInclude Include="external\imgui\imstb_truetype.h">
      <Filter>Source Files\External\imgui</Filter>
    </ClInclude>
    <ClInclude Include="external\stb_image.h">
      <Filter>Source Files\External\stb_image</Filter>
    </ClInclude>
    <ClInclude Include="LeagueMemoryReader.h">
      <Filter>Source Files\Hook</Filter>
    </ClInclude>
    <ClInclude Include="Offsets.h">
      <Filter>Source Files\Hook</Filter>
    </ClInclude>
    <ClInclude Include="Input.h">
      <Filter>Source Files\Utils</Filter>
    </ClInclude>
    <ClInclude Include="Utils.h">
      <Filter>Source Files\Utils</Filter>
    </ClInclude>
    <ClInclude Include="Vector.h">
      <Filter>Source Files\Utils</Filter>
    </ClInclude>
    <ClInclude Include="MemSnapshot.h">
      <Filter>Source Files\Hook</Filter>
    </ClInclude>
    <ClInclude Include="Script.h">
      <Filter>Source Files\Script</Filter>
    </ClInclude>
    <ClInclude Include="Texture2D.h">
      <Filter>Source Files\Utils</Filter>
    </ClInclude>
    <ClInclude Include="GameData.h">
      <Filter>Source Files\Script</Filter>
    </ClInclude>
    <ClInclude Include="GameObject.h">
      <Filter>Source Files\Script</Filter>
    </ClInclude>
    <ClInclude Include="GameRenderer.h">
      <Filter>Source Files\Script</Filter>
    </ClInclude>
    <ClInclude Include="ItemInfo.h">
      <Filter>Source Files\Script</Filter>
    </ClInclude>
    <ClInclude Include="ItemSlot.h">
      <Filter>Source Files\Script</Filter>
    </ClInclude>
    <ClInclude Include="Spell.h">
      <Filter>Source Files\Script</Filter>
    </ClInclude>
    <ClInclude Include="SpellInfo.h">
      <Filter>Source Files\Script</Filter>
    </ClInclude>
    <ClInclude Include="SpellInterface.h">
      <Filter>Source Files\Script</Filter>
    </ClInclude>
    <ClInclude Include="UnitInfo.h">
      <Filter>Source Files\Script</Filter>
    </ClInclude>
    <ClInclude Include="Overlay.h">
      <Filter>Source Files\Core</Filter>
    </ClInclude>
    <ClInclude Include="MapObject.h">
      <Filter>Source Files\Script</Filter>
    </ClInclude>
    <ClInclude Include="GameAPI.h">
      <Filter>Source Files\Core</Filter>
    </ClInclude>
    <ClInclude Include="MenuConfig.h">
      <Filter>Source Files\Core</Filter>
    </ClInclude>
    <ClInclude Include="GameplayScripts\Orbwalk.h">
      <Filter>GameplayScripts</Filter>
    </ClInclude>
    <ClInclude Include="MemoryLoadable.h">
      <Filter>Source Files\Hook</Filter>
    </ClInclude>
    <ClInclude Include="Buff.h">
      <Filter>Source Files\Script</Filter>
    </ClInclude>
    <ClInclude Include="GameplayScripts\Jinx.h">
      <Filter>GameplayScripts</Filter>
    </ClInclude>
    <ClInclude Include="GameplayScripts\Leblanc.h">
      <Filter>GameplayScripts</Filter>
    </ClInclude>
  </ItemGroup>
  <ItemGroup>
    <None Include="external\imgui\imgui.ini">
      <Filter>Source Files\External\imgui</Filter>
    </None>
  </ItemGroup>
</Project>